
Microsoft Visual Studio Solution File, Format Version 12.00
# Visual Studio 15
VisualStudioVersion = 15.0.26730.8
MinimumVisualStudioVersion = 10.0.40219.1
Project("{FAE04EC0-301F-11D3-BF4B-00C04F79EFBC}") = "UpnQR", "UpnQR\UpnQR.csproj", "{1A3C09CA-8463-43C1-B583-64C70579D00A}"
EndProject
Project("{FAE04EC0-301F-11D3-BF4B-00C04F79EFBC}") = "QrCodeTest", "QrCodeTest\QrCodeTest.csproj", "{3461E9E7-E406-4FEB-9EE1-E43792FDDEB8}"
EndProject
Global
	GlobalSection(SolutionConfigurationPlatforms) = preSolution
		Debug|Any CPU = Debug|Any CPU
		Release|Any CPU = Release|Any CPU
	EndGlobalSection
	GlobalSection(ProjectConfigurationPlatforms) = postSolution
		{1A3C09CA-8463-43C1-B583-64C70579D00A}.Debug|Any CPU.ActiveCfg = Debug|Any CPU
		{1A3C09CA-8463-43C1-B583-64C70579D00A}.Debug|Any CPU.Build.0 = Debug|Any CPU
		{1A3C09CA-8463-43C1-B583-64C70579D00A}.Release|Any CPU.ActiveCfg = Release|Any CPU
		{1A3C09CA-8463-43C1-B583-64C70579D00A}.Release|Any CPU.Build.0 = Release|Any CPU
		{3461E9E7-E406-4FEB-9EE1-E43792FDDEB8}.Debug|Any CPU.ActiveCfg = Debug|Any CPU
		{3461E9E7-E406-4FEB-9EE1-E43792FDDEB8}.Debug|Any CPU.Build.0 = Debug|Any CPU
		{3461E9E7-E406-4FEB-9EE1-E43792FDDEB8}.Release|Any CPU.ActiveCfg = Release|Any CPU
		{3461E9E7-E406-4FEB-9EE1-E43792FDDEB8}.Release|Any CPU.Build.0 = Release|Any CPU
	EndGlobalSection
	GlobalSection(SolutionProperties) = preSolution
		HideSolutionNode = FALSE
	EndGlobalSection
	GlobalSection(ExtensibilityGlobals) = postSolution
		SolutionGuid = {8A4E61E5-535B-42F7-A017-BD3825B785EE}
	EndGlobalSection
EndGlobal
